
Microsoft Visual Studio Solution File, Format Version 9.00
# Visual Studio 2005
Project("{8BC9CEB8-8B4A-11D0-8D11-00A0C91BC942}") = "StudentListManager", "StudentListManager.vcproj", "{AAC84534-7451-4353-B8E6-C9B324A02ADE}"
EndProject
Global
	GlobalSection(SolutionConfigurationPlatforms) = preSolution
		Debug|Win32 = Debug|Win32
		Release|Win32 = Release|Win32
	EndGlobalSection
	GlobalSection(ProjectConfigurationPlatforms) = postSolution
		{AAC84534-7451-4353-B8E6-C9B324A02ADE}.Debug|Win32.ActiveCfg = Debug|Win32
		{AAC84534-7451-4353-B8E6-C9B324A02ADE}.Debug|Win32.Build.0 = Debug|Win32
		{AAC84534-7451-4353-B8E6-C9B324A02ADE}.Release|Win32.ActiveCfg = Release|Win32
		{AAC84534-7451-4353-B8E6-C9B324A02ADE}.Release|Win32.Build.0 = Release|Win32
	EndGlobalSection
	GlobalSection(SolutionProperties) = preSolution
		HideSolutionNode = FALSE
	EndGlobalSection
EndGlobal
